
Microsoft Visual Studio Solution File, Format Version 12.00
# Visual Studio Version 17
VisualStudioVersion = 17.2.32630.192
MinimumVisualStudioVersion = 10.0.40219.1
Project("{FAE04EC0-301F-11D3-BF4B-00C04F79EFBC}") = "Tools_WebApp", "Tools_WebApp\Tools_WebApp.csproj", "{7EB655A6-A2DC-443F-8813-A9323E882D4F}"
EndProject
Global
	GlobalSection(SolutionConfigurationPlatforms) = preSolution
		Debug|Any CPU = Debug|Any CPU
		Release|Any CPU = Release|Any CPU
	EndGlobalSection
	GlobalSection(ProjectConfigurationPlatforms) = postSolution
		{7EB655A6-A2DC-443F-8813-A9323E882D4F}.Debug|Any CPU.ActiveCfg = Debug|Any CPU
		{7EB655A6-A2DC-443F-8813-A9323E882D4F}.Debug|Any CPU.Build.0 = Debug|Any CPU
		{7EB655A6-A2DC-443F-8813-A9323E882D4F}.Release|Any CPU.ActiveCfg = Release|Any CPU
		{7EB655A6-A2DC-443F-8813-A9323E882D4F}.Release|Any CPU.Build.0 = Release|Any CPU
	EndGlobalSection
	GlobalSection(SolutionProperties) = preSolution
		HideSolutionNode = FALSE
	EndGlobalSection
	GlobalSection(ExtensibilityGlobals) = postSolution
		SolutionGuid = {F578C825-5B9E-46B5-870B-B15B1AC1F011}
	EndGlobalSection
EndGlobal
