
Microsoft Visual Studio Solution File, Format Version 12.00
# Visual Studio 15
VisualStudioVersion = 15.0.28307.2092
MinimumVisualStudioVersion = 10.0.40219.1
Project("{FAE04EC0-301F-11D3-BF4B-00C04F79EFBC}") = "Tools_WebApp", "Tools_WebApp\Tools_WebApp.csproj", "{7EB655A6-A2DC-443F-8813-A9323E882D4F}"
EndProject
Project("{FAE04EC0-301F-11D3-BF4B-00C04F79EFBC}") = "Chart_WebApp", "Chart_WebApp\Chart_WebApp.csproj", "{0BA4A024-459A-41CC-AE65-A350F83DB88D}"
EndProject
Global
	GlobalSection(SolutionConfigurationPlatforms) = preSolution
		Debug|Any CPU = Debug|Any CPU
		Release|Any CPU = Release|Any CPU
	EndGlobalSection
	GlobalSection(ProjectConfigurationPlatforms) = postSolution
		{7EB655A6-A2DC-443F-8813-A9323E882D4F}.Debug|Any CPU.ActiveCfg = Debug|Any CPU
		{7EB655A6-A2DC-443F-8813-A9323E882D4F}.Debug|Any CPU.Build.0 = Debug|Any CPU
		{7EB655A6-A2DC-443F-8813-A9323E882D4F}.Release|Any CPU.ActiveCfg = Release|Any CPU
		{7EB655A6-A2DC-443F-8813-A9323E882D4F}.Release|Any CPU.Build.0 = Release|Any CPU
		{0BA4A024-459A-41CC-AE65-A350F83DB88D}.Debug|Any CPU.ActiveCfg = Debug|Any CPU
		{0BA4A024-459A-41CC-AE65-A350F83DB88D}.Debug|Any CPU.Build.0 = Debug|Any CPU
		{0BA4A024-459A-41CC-AE65-A350F83DB88D}.Release|Any CPU.ActiveCfg = Release|Any CPU
		{0BA4A024-459A-41CC-AE65-A350F83DB88D}.Release|Any CPU.Build.0 = Release|Any CPU
	EndGlobalSection
	GlobalSection(SolutionProperties) = preSolution
		HideSolutionNode = FALSE
	EndGlobalSection
	GlobalSection(ExtensibilityGlobals) = postSolution
		SolutionGuid = {F578C825-5B9E-46B5-870B-B15B1AC1F011}
	EndGlobalSection
EndGlobal
